
Microsoft Visual Studio Solution File, Format Version 12.00
# Visual Studio 2013
VisualStudioVersion = 12.0.31101.0
MinimumVisualStudioVersion = 10.0.40219.1
Project("{FAE04EC0-301F-11D3-BF4B-00C04F79EFBC}") = "ElevenNote.Web", "ElevenNote.Web\ElevenNote.Web.csproj", "{519E6E43-AF3A-4EAA-8774-87DE1376CDA3}"
EndProject
Project("{FAE04EC0-301F-11D3-BF4B-00C04F79EFBC}") = "ElevenNote.Web.Tests", "ElevenNote.Web.Tests\ElevenNote.Web.Tests.csproj", "{1090E9B5-BE57-4A65-9E87-EBBEC1FCF578}"
EndProject
Project("{FAE04EC0-301F-11D3-BF4B-00C04F79EFBC}") = "ElevenNote.Models", "ElevenNote.Models\ElevenNote.Models.csproj", "{4FAA7290-6FBF-41EA-996E-8720478577DC}"
EndProject
Global
	GlobalSection(SolutionConfigurationPlatforms) = preSolution
		Debug|Any CPU = Debug|Any CPU
		Release|Any CPU = Release|Any CPU
	EndGlobalSection
	GlobalSection(ProjectConfigurationPlatforms) = postSolution
		{519E6E43-AF3A-4EAA-8774-87DE1376CDA3}.Debug|Any CPU.ActiveCfg = Debug|Any CPU
		{519E6E43-AF3A-4EAA-8774-87DE1376CDA3}.Debug|Any CPU.Build.0 = Debug|Any CPU
		{519E6E43-AF3A-4EAA-8774-87DE1376CDA3}.Release|Any CPU.ActiveCfg = Release|Any CPU
		{519E6E43-AF3A-4EAA-8774-87DE1376CDA3}.Release|Any CPU.Build.0 = Release|Any CPU
		{1090E9B5-BE57-4A65-9E87-EBBEC1FCF578}.Debug|Any CPU.ActiveCfg = Debug|Any CPU
		{1090E9B5-BE57-4A65-9E87-EBBEC1FCF578}.Debug|Any CPU.Build.0 = Debug|Any CPU
		{1090E9B5-BE57-4A65-9E87-EBBEC1FCF578}.Release|Any CPU.ActiveCfg = Release|Any CPU
		{1090E9B5-BE57-4A65-9E87-EBBEC1FCF578}.Release|Any CPU.Build.0 = Release|Any CPU
		{4FAA7290-6FBF-41EA-996E-8720478577DC}.Debug|Any CPU.ActiveCfg = Debug|Any CPU
		{4FAA7290-6FBF-41EA-996E-8720478577DC}.Debug|Any CPU.Build.0 = Debug|Any CPU
		{4FAA7290-6FBF-41EA-996E-8720478577DC}.Release|Any CPU.ActiveCfg = Release|Any CPU
		{4FAA7290-6FBF-41EA-996E-8720478577DC}.Release|Any CPU.Build.0 = Release|Any CPU
	EndGlobalSection
	GlobalSection(SolutionProperties) = preSolution
		HideSolutionNode = FALSE
	EndGlobalSection
EndGlobal
